
Microsoft Visual Studio Solution File, Format Version 12.00
# Visual Studio Version 17
VisualStudioVersion = 17.2.32602.215
MinimumVisualStudioVersion = 10.0.40219.1
Project("{FAE04EC0-301F-11D3-BF4B-00C04F79EFBC}") = "Ishod08", "Ishod08\Ishod08.csproj", "{154A81A7-01C0-4642-81A3-DD611F2E63D4}"
EndProject
Project("{FAE04EC0-301F-11D3-BF4B-00C04F79EFBC}") = "Ishod08.UnitTests", "Ishod08.UnitTests\Ishod08.UnitTests.csproj", "{3F3516B0-AEB3-4B23-BD80-4878D5B74D38}"
EndProject
Global
	GlobalSection(SolutionConfigurationPlatforms) = preSolution
		Debug|Any CPU = Debug|Any CPU
		Release|Any CPU = Release|Any CPU
	EndGlobalSection
	GlobalSection(ProjectConfigurationPlatforms) = postSolution
		{154A81A7-01C0-4642-81A3-DD611F2E63D4}.Debug|Any CPU.ActiveCfg = Debug|Any CPU
		{154A81A7-01C0-4642-81A3-DD611F2E63D4}.Debug|Any CPU.Build.0 = Debug|Any CPU
		{154A81A7-01C0-4642-81A3-DD611F2E63D4}.Release|Any CPU.ActiveCfg = Release|Any CPU
		{154A81A7-01C0-4642-81A3-DD611F2E63D4}.Release|Any CPU.Build.0 = Release|Any CPU
		{3F3516B0-AEB3-4B23-BD80-4878D5B74D38}.Debug|Any CPU.ActiveCfg = Debug|Any CPU
		{3F3516B0-AEB3-4B23-BD80-4878D5B74D38}.Debug|Any CPU.Build.0 = Debug|Any CPU
		{3F3516B0-AEB3-4B23-BD80-4878D5B74D38}.Release|Any CPU.ActiveCfg = Release|Any CPU
		{3F3516B0-AEB3-4B23-BD80-4878D5B74D38}.Release|Any CPU.Build.0 = Release|Any CPU
	EndGlobalSection
	GlobalSection(SolutionProperties) = preSolution
		HideSolutionNode = FALSE
	EndGlobalSection
	GlobalSection(ExtensibilityGlobals) = postSolution
		SolutionGuid = {4D7B684D-1559-431F-B9FB-92F85030C5AE}
	EndGlobalSection
EndGlobal
